// !$*UTF8*$!
{
	archiveVersion = 1;
	classes = {
	};
	objectVersion = 46;
	objects = {

/* Begin PBXBuildFile section */
		575EA22318224F7800ACFAED /* AST.cpp in Sources */ = {isa = PBXBuildFile; fileRef = 575EA20C18224F7800ACFAED /* AST.cpp */; };
		575EA22418224F7800ACFAED /* AST.h in Headers */ = {isa = PBXBuildFile; fileRef = 575EA20D18224F7800ACFAED /* AST.h */; };
		575EA22518224F7800ACFAED /* Config.h in Headers */ = {isa = PBXBuildFile; fileRef = 575EA20E18224F7800ACFAED /* Config.h */; };
		575EA22618224F7800ACFAED /* Context.cpp in Sources */ = {isa = PBXBuildFile; fileRef = 575EA20F18224F7800ACFAED /* Context.cpp */; };
		575EA22718224F7800ACFAED /* Context.h in Headers */ = {isa = PBXBuildFile; fileRef = 575EA21018224F7800ACFAED /* Context.h */; };
		575EA22818224F7800ACFAED /* Debug.cpp in Sources */ = {isa = PBXBuildFile; fileRef = 575EA21118224F7800ACFAED /* Debug.cpp */; };
		575EA22918224F7800ACFAED /* Debug.h in Headers */ = {isa = PBXBuildFile; fileRef = 575EA21218224F7800ACFAED /* Debug.h */; };
		575EA22A18224F7800ACFAED /* Engine.cpp in Sources */ = {isa = PBXBuildFile; fileRef = 575EA21318224F7800ACFAED /* Engine.cpp */; };
		575EA22B18224F7800ACFAED /* Engine.h in Headers */ = {isa = PBXBuildFile; fileRef = 575EA21418224F7800ACFAED /* Engine.h */; };
		575EA22C18224F7800ACFAED /* Exception.cpp in Sources */ = {isa = PBXBuildFile; fileRef = 575EA21518224F7800ACFAED /* Exception.cpp */; };
		575EA22D18224F7800ACFAED /* Exception.h in Headers */ = {isa = PBXBuildFile; fileRef = 575EA21618224F7800ACFAED /* Exception.h */; };
		575EA22E18224F7800ACFAED /* Locker.cpp in Sources */ = {isa = PBXBuildFile; fileRef = 575EA21718224F7800ACFAED /* Locker.cpp */; };
		575EA22F18224F7800ACFAED /* Locker.h in Headers */ = {isa = PBXBuildFile; fileRef = 575EA21818224F7800ACFAED /* Locker.h */; };
		575EA23018224F7800ACFAED /* PrettyPrinter.cpp in Sources */ = {isa = PBXBuildFile; fileRef = 575EA21918224F7800ACFAED /* PrettyPrinter.cpp */; };
		575EA23118224F7800ACFAED /* PrettyPrinter.h in Headers */ = {isa = PBXBuildFile; fileRef = 575EA21A18224F7800ACFAED /* PrettyPrinter.h */; };
		575EA23218224F7800ACFAED /* probes.h in Headers */ = {isa = PBXBuildFile; fileRef = 575EA21B18224F7800ACFAED /* probes.h */; };
		575EA23318224F7800ACFAED /* PyV8.cpp in Sources */ = {isa = PBXBuildFile; fileRef = 575EA21C18224F7800ACFAED /* PyV8.cpp */; };
		575EA23418224F7800ACFAED /* utf8.h in Headers */ = {isa = PBXBuildFile; fileRef = 575EA21D18224F7800ACFAED /* utf8.h */; };
		575EA23518224F7800ACFAED /* Utils.cpp in Sources */ = {isa = PBXBuildFile; fileRef = 575EA21E18224F7800ACFAED /* Utils.cpp */; };
		575EA23618224F7800ACFAED /* Utils.h in Headers */ = {isa = PBXBuildFile; fileRef = 575EA21F18224F7800ACFAED /* Utils.h */; };
		575EA23718224F7800ACFAED /* V8Internal.h in Headers */ = {isa = PBXBuildFile; fileRef = 575EA22018224F7800ACFAED /* V8Internal.h */; };
		575EA23818224F7800ACFAED /* Wrapper.cpp in Sources */ = {isa = PBXBuildFile; fileRef = 575EA22118224F7800ACFAED /* Wrapper.cpp */; };
		575EA23918224F7800ACFAED /* Wrapper.h in Headers */ = {isa = PBXBuildFile; fileRef = 575EA22218224F7800ACFAED /* Wrapper.h */; };
		575EA23F18224F9E00ACFAED /* checked.h in Headers */ = {isa = PBXBuildFile; fileRef = 575EA23C18224F9E00ACFAED /* checked.h */; };
		575EA24018224F9E00ACFAED /* core.h in Headers */ = {isa = PBXBuildFile; fileRef = 575EA23D18224F9E00ACFAED /* core.h */; };
		575EA24118224F9E00ACFAED /* unchecked.h in Headers */ = {isa = PBXBuildFile; fileRef = 575EA23E18224F9E00ACFAED /* unchecked.h */; };
/* End PBXBuildFile section */

/* Begin PBXFileReference section */
		575EA20518224F3200ACFAED /* libpyv8.dylib */ = {isa = PBXFileReference; explicitFileType = "compiled.mach-o.dylib"; includeInIndex = 0; path = libpyv8.dylib; sourceTree = BUILT_PRODUCTS_DIR; };
		575EA20C18224F7800ACFAED /* AST.cpp */ = {isa = PBXFileReference; fileEncoding = 4; lastKnownFileType = sourcecode.cpp.cpp; name = AST.cpp; path = src/AST.cpp; sourceTree = "<group>"; };
		575EA20D18224F7800ACFAED /* AST.h */ = {isa = PBXFileReference; fileEncoding = 4; lastKnownFileType = sourcecode.c.h; name = AST.h; path = src/AST.h; sourceTree = "<group>"; };
		575EA20E18224F7800ACFAED /* Config.h */ = {isa = PBXFileReference; fileEncoding = 4; lastKnownFileType = sourcecode.c.h; name = Config.h; path = src/Config.h; sourceTree = "<group>"; };
		575EA20F18224F7800ACFAED /* Context.cpp */ = {isa = PBXFileReference; fileEncoding = 4; lastKnownFileType = sourcecode.cpp.cpp; name = Context.cpp; path = src/Context.cpp; sourceTree = "<group>"; };
		575EA21018224F7800ACFAED /* Context.h */ = {isa = PBXFileReference; fileEncoding = 4; lastKnownFileType = sourcecode.c.h; name = Context.h; path = src/Context.h; sourceTree = "<group>"; };
		575EA21118224F7800ACFAED /* Debug.cpp */ = {isa = PBXFileReference; fileEncoding = 4; lastKnownFileType = sourcecode.cpp.cpp; name = Debug.cpp; path = src/Debug.cpp; sourceTree = "<group>"; };
		575EA21218224F7800ACFAED /* Debug.h */ = {isa = PBXFileReference; fileEncoding = 4; lastKnownFileType = sourcecode.c.h; name = Debug.h; path = src/Debug.h; sourceTree = "<group>"; };
		575EA21318224F7800ACFAED /* Engine.cpp */ = {isa = PBXFileReference; fileEncoding = 4; lastKnownFileType = sourcecode.cpp.cpp; name = Engine.cpp; path = src/Engine.cpp; sourceTree = "<group>"; };
		575EA21418224F7800ACFAED /* Engine.h */ = {isa = PBXFileReference; fileEncoding = 4; lastKnownFileType = sourcecode.c.h; name = Engine.h; path = src/Engine.h; sourceTree = "<group>"; };
		575EA21518224F7800ACFAED /* Exception.cpp */ = {isa = PBXFileReference; fileEncoding = 4; lastKnownFileType = sourcecode.cpp.cpp; name = Exception.cpp; path = src/Exception.cpp; sourceTree = "<group>"; };
		575EA21618224F7800ACFAED /* Exception.h */ = {isa = PBXFileReference; fileEncoding = 4; lastKnownFileType = sourcecode.c.h; name = Exception.h; path = src/Exception.h; sourceTree = "<group>"; };
		575EA21718224F7800ACFAED /* Locker.cpp */ = {isa = PBXFileReference; fileEncoding = 4; lastKnownFileType = sourcecode.cpp.cpp; name = Locker.cpp; path = src/Locker.cpp; sourceTree = "<group>"; };
		575EA21818224F7800ACFAED /* Locker.h */ = {isa = PBXFileReference; fileEncoding = 4; lastKnownFileType = sourcecode.c.h; name = Locker.h; path = src/Locker.h; sourceTree = "<group>"; };
		575EA21918224F7800ACFAED /* PrettyPrinter.cpp */ = {isa = PBXFileReference; fileEncoding = 4; lastKnownFileType = sourcecode.cpp.cpp; name = PrettyPrinter.cpp; path = src/PrettyPrinter.cpp; sourceTree = "<group>"; };
		575EA21A18224F7800ACFAED /* PrettyPrinter.h */ = {isa = PBXFileReference; fileEncoding = 4; lastKnownFileType = sourcecode.c.h; name = PrettyPrinter.h; path = src/PrettyPrinter.h; sourceTree = "<group>"; };
		575EA21B18224F7800ACFAED /* probes.h */ = {isa = PBXFileReference; fileEncoding = 4; lastKnownFileType = sourcecode.c.h; name = probes.h; path = src/probes.h; sourceTree = "<group>"; };
		575EA21C18224F7800ACFAED /* PyV8.cpp */ = {isa = PBXFileReference; fileEncoding = 4; lastKnownFileType = sourcecode.cpp.cpp; name = PyV8.cpp; path = src/PyV8.cpp; sourceTree = "<group>"; };
		575EA21D18224F7800ACFAED /* utf8.h */ = {isa = PBXFileReference; fileEncoding = 4; lastKnownFileType = sourcecode.c.h; name = utf8.h; path = src/utf8.h; sourceTree = "<group>"; };
		575EA21E18224F7800ACFAED /* Utils.cpp */ = {isa = PBXFileReference; fileEncoding = 4; lastKnownFileType = sourcecode.cpp.cpp; name = Utils.cpp; path = src/Utils.cpp; sourceTree = "<group>"; };
		575EA21F18224F7800ACFAED /* Utils.h */ = {isa = PBXFileReference; fileEncoding = 4; lastKnownFileType = sourcecode.c.h; name = Utils.h; path = src/Utils.h; sourceTree = "<group>"; };
		575EA22018224F7800ACFAED /* V8Internal.h */ = {isa = PBXFileReference; fileEncoding = 4; lastKnownFileType = sourcecode.c.h; name = V8Internal.h; path = src/V8Internal.h; sourceTree = "<group>"; };
		575EA22118224F7800ACFAED /* Wrapper.cpp */ = {isa = PBXFileReference; fileEncoding = 4; lastKnownFileType = sourcecode.cpp.cpp; name = Wrapper.cpp; path = src/Wrapper.cpp; sourceTree = "<group>"; };
		575EA22218224F7800ACFAED /* Wrapper.h */ = {isa = PBXFileReference; fileEncoding = 4; lastKnownFileType = sourcecode.c.h; name = Wrapper.h; path = src/Wrapper.h; sourceTree = "<group>"; };
		575EA23C18224F9E00ACFAED /* checked.h */ = {isa = PBXFileReference; fileEncoding = 4; lastKnownFileType = sourcecode.c.h; name = checked.h; path = src/utf8/checked.h; sourceTree = "<group>"; };
		575EA23D18224F9E00ACFAED /* core.h */ = {isa = PBXFileReference; fileEncoding = 4; lastKnownFileType = sourcecode.c.h; name = core.h; path = src/utf8/core.h; sourceTree = "<group>"; };
		575EA23E18224F9E00ACFAED /* unchecked.h */ = {isa = PBXFileReference; fileEncoding = 4; lastKnownFileType = sourcecode.c.h; name = unchecked.h; path = src/utf8/unchecked.h; sourceTree = "<group>"; };
/* End PBXFileReference section */

/* Begin PBXFrameworksBuildPhase section */
		575EA20218224F3200ACFAED /* Frameworks */ = {
			isa = PBXFrameworksBuildPhase;
			buildActionMask = 2147483647;
			files = (
			);
			runOnlyForDeploymentPostprocessing = 0;
		};
/* End PBXFrameworksBuildPhase section */

/* Begin PBXGroup section */
		575EA1FC18224F3200ACFAED = {
			isa = PBXGroup;
			children = (
				575EA23A18224F8A00ACFAED /* src */,
				575EA20618224F3200ACFAED /* Products */,
			);
			sourceTree = "<group>";
		};
		575EA20618224F3200ACFAED /* Products */ = {
			isa = PBXGroup;
			children = (
				575EA20518224F3200ACFAED /* libpyv8.dylib */,
			);
			name = Products;
			sourceTree = "<group>";
		};
		575EA23A18224F8A00ACFAED /* src */ = {
			isa = PBXGroup;
			children = (
				575EA23B18224F9100ACFAED /* utf8 */,
				575EA20C18224F7800ACFAED /* AST.cpp */,
				575EA20D18224F7800ACFAED /* AST.h */,
				575EA20E18224F7800ACFAED /* Config.h */,
				575EA20F18224F7800ACFAED /* Context.cpp */,
				575EA21018224F7800ACFAED /* Context.h */,
				575EA21118224F7800ACFAED /* Debug.cpp */,
				575EA21218224F7800ACFAED /* Debug.h */,
				575EA21318224F7800ACFAED /* Engine.cpp */,
				575EA21418224F7800ACFAED /* Engine.h */,
				575EA21518224F7800ACFAED /* Exception.cpp */,
				575EA21618224F7800ACFAED /* Exception.h */,
				575EA21718224F7800ACFAED /* Locker.cpp */,
				575EA21818224F7800ACFAED /* Locker.h */,
				575EA21918224F7800ACFAED /* PrettyPrinter.cpp */,
				575EA21A18224F7800ACFAED /* PrettyPrinter.h */,
				575EA21B18224F7800ACFAED /* probes.h */,
				575EA21C18224F7800ACFAED /* PyV8.cpp */,
				575EA21D18224F7800ACFAED /* utf8.h */,
				575EA21E18224F7800ACFAED /* Utils.cpp */,
				575EA21F18224F7800ACFAED /* Utils.h */,
				575EA22018224F7800ACFAED /* V8Internal.h */,
				575EA22118224F7800ACFAED /* Wrapper.cpp */,
				575EA22218224F7800ACFAED /* Wrapper.h */,
			);
			name = src;
			sourceTree = "<group>";
		};
		575EA23B18224F9100ACFAED /* utf8 */ = {
			isa = PBXGroup;
			children = (
				575EA23C18224F9E00ACFAED /* checked.h */,
				575EA23D18224F9E00ACFAED /* core.h */,
				575EA23E18224F9E00ACFAED /* unchecked.h */,
			);
			name = utf8;
			sourceTree = "<group>";
		};
/* End PBXGroup section */

/* Begin PBXHeadersBuildPhase section */
		575EA20318224F3200ACFAED /* Headers */ = {
			isa = PBXHeadersBuildPhase;
			buildActionMask = 2147483647;
			files = (
				575EA24018224F9E00ACFAED /* core.h in Headers */,
				575EA22F18224F7800ACFAED /* Locker.h in Headers */,
				575EA23718224F7800ACFAED /* V8Internal.h in Headers */,
				575EA23218224F7800ACFAED /* probes.h in Headers */,
				575EA23118224F7800ACFAED /* PrettyPrinter.h in Headers */,
				575EA22918224F7800ACFAED /* Debug.h in Headers */,
				575EA22518224F7800ACFAED /* Config.h in Headers */,
				575EA23618224F7800ACFAED /* Utils.h in Headers */,
				575EA23418224F7800ACFAED /* utf8.h in Headers */,
				575EA22718224F7800ACFAED /* Context.h in Headers */,
				575EA23918224F7800ACFAED /* Wrapper.h in Headers */,
				575EA24118224F9E00ACFAED /* unchecked.h in Headers */,
				575EA22418224F7800ACFAED /* AST.h in Headers */,
				575EA22D18224F7800ACFAED /* Exception.h in Headers */,
				575EA23F18224F9E00ACFAED /* checked.h in Headers */,
				575EA22B18224F7800ACFAED /* Engine.h in Headers */,
			);
			runOnlyForDeploymentPostprocessing = 0;
		};
/* End PBXHeadersBuildPhase section */

/* Begin PBXNativeTarget section */
		575EA20418224F3200ACFAED /* pyv8 */ = {
			isa = PBXNativeTarget;
			buildConfigurationList = 575EA20918224F3200ACFAED /* Build configuration list for PBXNativeTarget "pyv8" */;
			buildPhases = (
				575EA20118224F3200ACFAED /* Sources */,
				575EA20218224F3200ACFAED /* Frameworks */,
				575EA20318224F3200ACFAED /* Headers */,
			);
			buildRules = (
			);
			dependencies = (
			);
			name = pyv8;
			productName = pyv8;
			productReference = 575EA20518224F3200ACFAED /* libpyv8.dylib */;
			productType = "com.apple.product-type.library.dynamic";
		};
/* End PBXNativeTarget section */

/* Begin PBXProject section */
		575EA1FD18224F3200ACFAED /* Project object */ = {
			isa = PBXProject;
			attributes = {
				LastUpgradeCheck = 0500;
				ORGANIZATIONNAME = "Flier Lu";
			};
			buildConfigurationList = 575EA20018224F3200ACFAED /* Build configuration list for PBXProject "pyv8" */;
			compatibilityVersion = "Xcode 3.2";
			developmentRegion = English;
			hasScannedForEncodings = 0;
			knownRegions = (
				en,
			);
			mainGroup = 575EA1FC18224F3200ACFAED;
			productRefGroup = 575EA20618224F3200ACFAED /* Products */;
			projectDirPath = "";
			projectRoot = "";
			targets = (
				575EA20418224F3200ACFAED /* pyv8 */,
			);
		};
/* End PBXProject section */

/* Begin PBXSourcesBuildPhase section */
		575EA20118224F3200ACFAED /* Sources */ = {
			isa = PBXSourcesBuildPhase;
			buildActionMask = 2147483647;
			files = (
				575EA23318224F7800ACFAED /* PyV8.cpp in Sources */,
				575EA22318224F7800ACFAED /* AST.cpp in Sources */,
				575EA22E18224F7800ACFAED /* Locker.cpp in Sources */,
				575EA22A18224F7800ACFAED /* Engine.cpp in Sources */,
				575EA23518224F7800ACFAED /* Utils.cpp in Sources */,
				575EA23818224F7800ACFAED /* Wrapper.cpp in Sources */,
				575EA22618224F7800ACFAED /* Context.cpp in Sources */,
				575EA23018224F7800ACFAED /* PrettyPrinter.cpp in Sources */,
				575EA22C18224F7800ACFAED /* Exception.cpp in Sources */,
				575EA22818224F7800ACFAED /* Debug.cpp in Sources */,
			);
			runOnlyForDeploymentPostprocessing = 0;
		};
/* End PBXSourcesBuildPhase section */

/* Begin XCBuildConfiguration section */
		575EA20718224F3200ACFAED /* Debug */ = {
			isa = XCBuildConfiguration;
			buildSettings = {
				CLANG_CXX_LANGUAGE_STANDARD = "gnu++0x";
				CLANG_CXX_LIBRARY = "libc++";
				CLANG_ENABLE_OBJC_ARC = YES;
				CLANG_WARN_BOOL_CONVERSION = YES;
				CLANG_WARN_CONSTANT_CONVERSION = YES;
				CLANG_WARN_DIRECT_OBJC_ISA_USAGE = YES_ERROR;
				CLANG_WARN_EMPTY_BODY = YES;
				CLANG_WARN_ENUM_CONVERSION = YES;
				CLANG_WARN_INT_CONVERSION = YES;
				CLANG_WARN_OBJC_ROOT_CLASS = YES_ERROR;
				CLANG_WARN__DUPLICATE_METHOD_MATCH = YES;
				COPY_PHASE_STRIP = NO;
				GCC_C_LANGUAGE_STANDARD = gnu99;
				GCC_DYNAMIC_NO_PIC = NO;
				GCC_ENABLE_OBJC_EXCEPTIONS = YES;
				GCC_OPTIMIZATION_LEVEL = 0;
				GCC_PREPROCESSOR_DEFINITIONS = (
					"DEBUG=1",
					"$(inherited)",
				);
				GCC_SYMBOLS_PRIVATE_EXTERN = NO;
				GCC_WARN_64_TO_32_BIT_CONVERSION = YES;
				GCC_WARN_ABOUT_RETURN_TYPE = YES_ERROR;
				GCC_WARN_UNDECLARED_SELECTOR = YES;
				GCC_WARN_UNINITIALIZED_AUTOS = YES;
				GCC_WARN_UNUSED_FUNCTION = YES;
				GCC_WARN_UNUSED_VARIABLE = YES;
				HEADER_SEARCH_PATHS = (
					"$(inherited)",
					/Applications/Xcode.app/Contents/Developer/Toolchains/XcodeDefault.xctoolchain/usr/include,
					"$(V8_HOME)/include",
					"$(V8_HOME)",
					"$(BOOST_HOME)",
					"$(PYTHON_HOME)",
				);
				MACOSX_DEPLOYMENT_TARGET = 10.9;
				ONLY_ACTIVE_ARCH = YES;
				SDKROOT = macosx;
			};
			name = Debug;
		};
		575EA20818224F3200ACFAED /* Release */ = {
			isa = XCBuildConfiguration;
			buildSettings = {
				CLANG_CXX_LANGUAGE_STANDARD = "gnu++0x";
				CLANG_CXX_LIBRARY = "libc++";
				CLANG_ENABLE_OBJC_ARC = YES;
				CLANG_WARN_BOOL_CONVERSION = YES;
				CLANG_WARN_CONSTANT_CONVERSION = YES;
				CLANG_WARN_DIRECT_OBJC_ISA_USAGE = YES_ERROR;
				CLANG_WARN_EMPTY_BODY = YES;
				CLANG_WARN_ENUM_CONVERSION = YES;
				CLANG_WARN_INT_CONVERSION = YES;
				CLANG_WARN_OBJC_ROOT_CLASS = YES_ERROR;
				CLANG_WARN__DUPLICATE_METHOD_MATCH = YES;
				COPY_PHASE_STRIP = YES;
				DEBUG_INFORMATION_FORMAT = "dwarf-with-dsym";
				ENABLE_NS_ASSERTIONS = NO;
				GCC_C_LANGUAGE_STANDARD = gnu99;
				GCC_ENABLE_OBJC_EXCEPTIONS = YES;
				GCC_WARN_64_TO_32_BIT_CONVERSION = YES;
				GCC_WARN_ABOUT_RETURN_TYPE = YES_ERROR;
				GCC_WARN_UNDECLARED_SELECTOR = YES;
				GCC_WARN_UNINITIALIZED_AUTOS = YES;
				GCC_WARN_UNUSED_FUNCTION = YES;
				GCC_WARN_UNUSED_VARIABLE = YES;
				HEADER_SEARCH_PATHS = (
					"$(inherited)",
					/Applications/Xcode.app/Contents/Developer/Toolchains/XcodeDefault.xctoolchain/usr/include,
					"$(V8_HOME)/include",
					"$(V8_HOME)",
					"$(BOOST_HOME)",
					"$(PYTHON_HOME)",
				);
				MACOSX_DEPLOYMENT_TARGET = 10.9;
				SDKROOT = macosx;
			};
			name = Release;
		};
		575EA20A18224F3200ACFAED /* Debug */ = {
			isa = XCBuildConfiguration;
			buildSettings = {
				EXECUTABLE_PREFIX = lib;
				PRODUCT_NAME = "$(TARGET_NAME)";
			};
			name = Debug;
		};
		575EA20B18224F3200ACFAED /* Release */ = {
			isa = XCBuildConfiguration;
			buildSettings = {
				EXECUTABLE_PREFIX = lib;
				PRODUCT_NAME = "$(TARGET_NAME)";
			};
			name = Release;
		};
/* End XCBuildConfiguration section */

/* Begin XCConfigurationList section */
		575EA20018224F3200ACFAED /* Build configuration list for PBXProject "pyv8" */ = {
			isa = XCConfigurationList;
			buildConfigurations = (
				575EA20718224F3200ACFAED /* Debug */,
				575EA20818224F3200ACFAED /* Release */,
			);
			defaultConfigurationIsVisible = 0;
			defaultConfigurationName = Release;
		};
		575EA20918224F3200ACFAED /* Build configuration list for PBXNativeTarget "pyv8" */ = {
			isa = XCConfigurationList;
			buildConfigurations = (
				575EA20A18224F3200ACFAED /* Debug */,
				575EA20B18224F3200ACFAED /* Release */,
			);
			defaultConfigurationIsVisible = 0;
			defaultConfigurationName = Release;
		};
/* End XCConfigurationList section */
	};
	rootObject = 575EA1FD18224F3200ACFAED /* Project object */;
}
